
Microsoft Visual Studio Solution File, Format Version 12.00
# Visual Studio Version 16
VisualStudioVersion = 16.0.30104.148
MinimumVisualStudioVersion = 10.0.40219.1
Project("{FAE04EC0-301F-11D3-BF4B-00C04F79EFBC}") = "CurrentBrowserTab", "CurrentBrowserTab\CurrentBrowserTab.csproj", "{83E9E188-FEE8-42E6-8366-0003436643CE}"
EndProject
Global
	GlobalSection(SolutionConfigurationPlatforms) = preSolution
		Debug|Any CPU = Debug|Any CPU
		Release|Any CPU = Release|Any CPU
	EndGlobalSection
	GlobalSection(ProjectConfigurationPlatforms) = postSolution
		{83E9E188-FEE8-42E6-8366-0003436643CE}.Debug|Any CPU.ActiveCfg = Debug|Any CPU
		{83E9E188-FEE8-42E6-8366-0003436643CE}.Debug|Any CPU.Build.0 = Debug|Any CPU
		{83E9E188-FEE8-42E6-8366-0003436643CE}.Release|Any CPU.ActiveCfg = Release|Any CPU
		{83E9E188-FEE8-42E6-8366-0003436643CE}.Release|Any CPU.Build.0 = Release|Any CPU
	EndGlobalSection
	GlobalSection(SolutionProperties) = preSolution
		HideSolutionNode = FALSE
	EndGlobalSection
	GlobalSection(ExtensibilityGlobals) = postSolution
		SolutionGuid = {0AD457C9-67B8-46CD-BA68-0462FD78F810}
	EndGlobalSection
EndGlobal
